// !$*UTF8*$!
{
	archiveVersion = 1;
	classes = {
	};
	objectVersion = 48;
	objects = {

/* Begin PBXBuildFile section */
		EA164C7A209F854D00936EA7 /* AppDelegate.swift in Sources */ = {isa = PBXBuildFile; fileRef = EA164C79209F854D00936EA7 /* AppDelegate.swift */; };
		EA164C7C209F854D00936EA7 /* ViewController.swift in Sources */ = {isa = PBXBuildFile; fileRef = EA164C7B209F854D00936EA7 /* ViewController.swift */; };
		EA164C7F209F854D00936EA7 /* Main.storyboard in Resources */ = {isa = PBXBuildFile; fileRef = EA164C7D209F854D00936EA7 /* Main.storyboard */; };
		EA164C82209F854D00936EA7 /* ColeccionDeJuegos.xcdatamodeld in Sources */ = {isa = PBXBuildFile; fileRef = EA164C80209F854D00936EA7 /* ColeccionDeJuegos.xcdatamodeld */; };
		EA164C84209F854D00936EA7 /* Assets.xcassets in Resources */ = {isa = PBXBuildFile; fileRef = EA164C83209F854D00936EA7 /* Assets.xcassets */; };
		EA164C87209F854D00936EA7 /* LaunchScreen.storyboard in Resources */ = {isa = PBXBuildFile; fileRef = EA164C85209F854D00936EA7 /* LaunchScreen.storyboard */; };
		EA164C8F209F8D3700936EA7 /* JuegoViewController.swift in Sources */ = {isa = PBXBuildFile; fileRef = EA164C8E209F8D3700936EA7 /* JuegoViewController.swift */; };
/* End PBXBuildFile section */

/* Begin PBXFileReference section */
		EA164C76209F854D00936EA7 /* ColeccionDeJuegos.app */ = {isa = PBXFileReference; explicitFileType = wrapper.application; includeInIndex = 0; path = ColeccionDeJuegos.app; sourceTree = BUILT_PRODUCTS_DIR; };
		EA164C79209F854D00936EA7 /* AppDelegate.swift */ = {isa = PBXFileReference; lastKnownFileType = sourcecode.swift; path = AppDelegate.swift; sourceTree = "<group>"; };
		EA164C7B209F854D00936EA7 /* ViewController.swift */ = {isa = PBXFileReference; lastKnownFileType = sourcecode.swift; path = ViewController.swift; sourceTree = "<group>"; };
		EA164C7E209F854D00936EA7 /* Base */ = {isa = PBXFileReference; lastKnownFileType = file.storyboard; name = Base; path = Base.lproj/Main.storyboard; sourceTree = "<group>"; };
		EA164C81209F854D00936EA7 /* ColeccionDeJuegos.xcdatamodel */ = {isa = PBXFileReference; lastKnownFileType = wrapper.xcdatamodel; path = ColeccionDeJuegos.xcdatamodel; sourceTree = "<group>"; };
		EA164C83209F854D00936EA7 /* Assets.xcassets */ = {isa = PBXFileReference; lastKnownFileType = folder.assetcatalog; path = Assets.xcassets; sourceTree = "<group>"; };
		EA164C86209F854D00936EA7 /* Base */ = {isa = PBXFileReference; lastKnownFileType = file.storyboard; name = Base; path = Base.lproj/LaunchScreen.storyboard; sourceTree = "<group>"; };
		EA164C88209F854D00936EA7 /* Info.plist */ = {isa = PBXFileReference; lastKnownFileType = text.plist.xml; path = Info.plist; sourceTree = "<group>"; };
		EA164C8E209F8D3700936EA7 /* JuegoViewController.swift */ = {isa = PBXFileReference; lastKnownFileType = sourcecode.swift; path = JuegoViewController.swift; sourceTree = "<group>"; };
/* End PBXFileReference section */

/* Begin PBXFrameworksBuildPhase section */
		EA164C73209F854D00936EA7 /* Frameworks */ = {
			isa = PBXFrameworksBuildPhase;
			buildActionMask = 2147483647;
			files = (
			);
			runOnlyForDeploymentPostprocessing = 0;
		};
/* End PBXFrameworksBuildPhase section */

/* Begin PBXGroup section */
		EA164C6D209F854D00936EA7 = {
			isa = PBXGroup;
			children = (
				EA164C78209F854D00936EA7 /* ColeccionDeJuegos */,
				EA164C77209F854D00936EA7 /* Products */,
			);
			sourceTree = "<group>";
		};
		EA164C77209F854D00936EA7 /* Products */ = {
			isa = PBXGroup;
			children = (
				EA164C76209F854D00936EA7 /* ColeccionDeJuegos.app */,
			);
			name = Products;
			sourceTree = "<group>";
		};
		EA164C78209F854D00936EA7 /* ColeccionDeJuegos */ = {
			isa = PBXGroup;
			children = (
				EA164C79209F854D00936EA7 /* AppDelegate.swift */,
				EA164C7B209F854D00936EA7 /* ViewController.swift */,
				EA164C7D209F854D00936EA7 /* Main.storyboard */,
				EA164C83209F854D00936EA7 /* Assets.xcassets */,
				EA164C85209F854D00936EA7 /* LaunchScreen.storyboard */,
				EA164C88209F854D00936EA7 /* Info.plist */,
				EA164C80209F854D00936EA7 /* ColeccionDeJuegos.xcdatamodeld */,
				EA164C8E209F8D3700936EA7 /* JuegoViewController.swift */,
			);
			path = ColeccionDeJuegos;
			sourceTree = "<group>";
		};
/* End PBXGroup section */

/* Begin PBXNativeTarget section */
		EA164C75209F854D00936EA7 /* ColeccionDeJuegos */ = {
			isa = PBXNativeTarget;
			buildConfigurationList = EA164C8B209F854D00936EA7 /* Build configuration list for PBXNativeTarget "ColeccionDeJuegos" */;
			buildPhases = (
				EA164C72209F854D00936EA7 /* Sources */,
				EA164C73209F854D00936EA7 /* Frameworks */,
				EA164C74209F854D00936EA7 /* Resources */,
			);
			buildRules = (
			);
			dependencies = (
			);
			name = ColeccionDeJuegos;
			productName = ColeccionDeJuegos;
			productReference = EA164C76209F854D00936EA7 /* ColeccionDeJuegos.app */;
			productType = "com.apple.product-type.application";
		};
/* End PBXNativeTarget section */

/* Begin PBXProject section */
		EA164C6E209F854D00936EA7 /* Project object */ = {
			isa = PBXProject;
			attributes = {
				LastSwiftUpdateCheck = 0920;
				LastUpgradeCheck = 0920;
				ORGANIZATIONNAME = tecsup;
				TargetAttributes = {
					EA164C75209F854D00936EA7 = {
						CreatedOnToolsVersion = 9.2;
						ProvisioningStyle = Automatic;
					};
				};
			};
			buildConfigurationList = EA164C71209F854D00936EA7 /* Build configuration list for PBXProject "ColeccionDeJuegos" */;
			compatibilityVersion = "Xcode 8.0";
			developmentRegion = en;
			hasScannedForEncodings = 0;
			knownRegions = (
				en,
				Base,
			);
			mainGroup = EA164C6D209F854D00936EA7;
			productRefGroup = EA164C77209F854D00936EA7 /* Products */;
			projectDirPath = "";
			projectRoot = "";
			targets = (
				EA164C75209F854D00936EA7 /* ColeccionDeJuegos */,
			);
		};
/* End PBXProject section */

/* Begin PBXResourcesBuildPhase section */
		EA164C74209F854D00936EA7 /* Resources */ = {
			isa = PBXResourcesBuildPhase;
			buildActionMask = 2147483647;
			files = (
				EA164C87209F854D00936EA7 /* LaunchScreen.storyboard in Resources */,
				EA164C84209F854D00936EA7 /* Assets.xcassets in Resources */,
				EA164C7F209F854D00936EA7 /* Main.storyboard in Resources */,
			);
			runOnlyForDeploymentPostprocessing = 0;
		};
/* End PBXResourcesBuildPhase section */

/* Begin PBXSourcesBuildPhase section */
		EA164C72209F854D00936EA7 /* Sources */ = {
			isa = PBXSourcesBuildPhase;
			buildActionMask = 2147483647;
			files = (
				EA164C7C209F854D00936EA7 /* ViewController.swift in Sources */,
				EA164C8F209F8D3700936EA7 /* JuegoViewController.swift in Sources */,
				EA164C7A209F854D00936EA7 /* AppDelegate.swift in Sources */,
				EA164C82209F854D00936EA7 /* ColeccionDeJuegos.xcdatamodeld in Sources */,
			);
			runOnlyForDeploymentPostprocessing = 0;
		};
/* End PBXSourcesBuildPhase section */

/* Begin PBXVariantGroup section */
		EA164C7D209F854D00936EA7 /* Main.storyboard */ = {
			isa = PBXVariantGroup;
			children = (
				EA164C7E209F854D00936EA7 /* Base */,
			);
			name = Main.storyboard;
			sourceTree = "<group>";
		};
		EA164C85209F854D00936EA7 /* LaunchScreen.storyboard */ = {
			isa = PBXVariantGroup;
			children = (
				EA164C86209F854D00936EA7 /* Base */,
			);
			name = LaunchScreen.storyboard;
			sourceTree = "<group>";
		};
/* End PBXVariantGroup section */

/* Begin XCBuildConfiguration section */
		EA164C89209F854D00936EA7 /* Debug */ = {
			isa = XCBuildConfiguration;
			buildSettings = {
				ALWAYS_SEARCH_USER_PATHS = NO;
				CLANG_ANALYZER_NONNULL = YES;
				CLANG_ANALYZER_NUMBER_OBJECT_CONVERSION = YES_AGGRESSIVE;
				CLANG_CXX_LANGUAGE_STANDARD = "gnu++14";
				CLANG_CXX_LIBRARY = "libc++";
				CLANG_ENABLE_MODULES = YES;
				CLANG_ENABLE_OBJC_ARC = YES;
				CLANG_WARN_BLOCK_CAPTURE_AUTORELEASING = YES;
				CLANG_WARN_BOOL_CONVERSION = YES;
				CLANG_WARN_COMMA = YES;
				CLANG_WARN_CONSTANT_CONVERSION = YES;
				CLANG_WARN_DIRECT_OBJC_ISA_USAGE = YES_ERROR;
				CLANG_WARN_DOCUMENTATION_COMMENTS = YES;
				CLANG_WARN_EMPTY_BODY = YES;
				CLANG_WARN_ENUM_CONVERSION = YES;
				CLANG_WARN_INFINITE_RECURSION = YES;
				CLANG_WARN_INT_CONVERSION = YES;
				CLANG_WARN_NON_LITERAL_NULL_CONVERSION = YES;
				CLANG_WARN_OBJC_LITERAL_CONVERSION = YES;
				CLANG_WARN_OBJC_ROOT_CLASS = YES_ERROR;
				CLANG_WARN_RANGE_LOOP_ANALYSIS = YES;
				CLANG_WARN_STRICT_PROTOTYPES = YES;
				CLANG_WARN_SUSPICIOUS_MOVE = YES;
				CLANG_WARN_UNGUARDED_AVAILABILITY = YES_AGGRESSIVE;
				CLANG_WARN_UNREACHABLE_CODE = YES;
				CLANG_WARN__DUPLICATE_METHOD_MATCH = YES;
				CODE_SIGN_IDENTITY = "iPhone Developer";
				COPY_PHASE_STRIP = NO;
				DEBUG_INFORMATION_FORMAT = dwarf;
				ENABLE_STRICT_OBJC_MSGSEND = YES;
				ENABLE_TESTABILITY = YES;
				GCC_C_LANGUAGE_STANDARD = gnu11;
				GCC_DYNAMIC_NO_PIC = NO;
				GCC_NO_COMMON_BLOCKS = YES;
				GCC_OPTIMIZATION_LEVEL = 0;
				GCC_PREPROCESSOR_DEFINITIONS = (
					"DEBUG=1",
					"$(inherited)",
				);
				GCC_WARN_64_TO_32_BIT_CONVERSION = YES;
				GCC_WARN_ABOUT_RETURN_TYPE = YES_ERROR;
				GCC_WARN_UNDECLARED_SELECTOR = YES;
				GCC_WARN_UNINITIALIZED_AUTOS = YES_AGGRESSIVE;
				GCC_WARN_UNUSED_FUNCTION = YES;
				GCC_WARN_UNUSED_VARIABLE = YES;
				IPHONEOS_DEPLOYMENT_TARGET = 11.2;
				MTL_ENABLE_DEBUG_INFO = YES;
				ONLY_ACTIVE_ARCH = YES;
				SDKROOT = iphoneos;
				SWIFT_ACTIVE_COMPILATION_CONDITIONS = DEBUG;
				SWIFT_OPTIMIZATION_LEVEL = "-Onone";
			};
			name = Debug;
		};
		EA164C8A209F854D00936EA7 /* Release */ = {
			isa = XCBuildConfiguration;
			buildSettings = {
				ALWAYS_SEARCH_USER_PATHS = NO;
				CLANG_ANALYZER_NONNULL = YES;
				CLANG_ANALYZER_NUMBER_OBJECT_CONVERSION = YES_AGGRESSIVE;
				CLANG_CXX_LANGUAGE_STANDARD = "gnu++14";
				CLANG_CXX_LIBRARY = "libc++";
				CLANG_ENABLE_MODULES = YES;
				CLANG_ENABLE_OBJC_ARC = YES;
				CLANG_WARN_BLOCK_CAPTURE_AUTORELEASING = YES;
				CLANG_WARN_BOOL_CONVERSION = YES;
				CLANG_WARN_COMMA = YES;
				CLANG_WARN_CONSTANT_CONVERSION = YES;
				CLANG_WARN_DIRECT_OBJC_ISA_USAGE = YES_ERROR;
				CLANG_WARN_DOCUMENTATION_COMMENTS = YES;
				CLANG_WARN_EMPTY_BODY = YES;
				CLANG_WARN_ENUM_CONVERSION = YES;
				CLANG_WARN_INFINITE_RECURSION = YES;
				CLANG_WARN_INT_CONVERSION = YES;
				CLANG_WARN_NON_LITERAL_NULL_CONVERSION = YES;
				CLANG_WARN_OBJC_LITERAL_CONVERSION = YES;
				CLANG_WARN_OBJC_ROOT_CLASS = YES_ERROR;
				CLANG_WARN_RANGE_LOOP_ANALYSIS = YES;
				CLANG_WARN_STRICT_PROTOTYPES = YES;
				CLANG_WARN_SUSPICIOUS_MOVE = YES;
				CLANG_WARN_UNGUARDED_AVAILABILITY = YES_AGGRESSIVE;
				CLANG_WARN_UNREACHABLE_CODE = YES;
				CLANG_WARN__DUPLICATE_METHOD_MATCH = YES;
				CODE_SIGN_IDENTITY = "iPhone Developer";
				COPY_PHASE_STRIP = NO;
				DEBUG_INFORMATION_FORMAT = "dwarf-with-dsym";
				ENABLE_NS_ASSERTIONS = NO;
				ENABLE_STRICT_OBJC_MSGSEND = YES;
				GCC_C_LANGUAGE_STANDARD = gnu11;
				GCC_NO_COMMON_BLOCKS = YES;
				GCC_WARN_64_TO_32_BIT_CONVERSION = YES;
				GCC_WARN_ABOUT_RETURN_TYPE = YES_ERROR;
				GCC_WARN_UNDECLARED_SELECTOR = YES;
				GCC_WARN_UNINITIALIZED_AUTOS = YES_AGGRESSIVE;
				GCC_WARN_UNUSED_FUNCTION = YES;
				GCC_WARN_UNUSED_VARIABLE = YES;
				IPHONEOS_DEPLOYMENT_TARGET = 11.2;
				MTL_ENABLE_DEBUG_INFO = NO;
				SDKROOT = iphoneos;
				SWIFT_OPTIMIZATION_LEVEL = "-Owholemodule";
				VALIDATE_PRODUCT = YES;
			};
			name = Release;
		};
		EA164C8C209F854D00936EA7 /* Debug */ = {
			isa = XCBuildConfiguration;
			buildSettings = {
				ASSETCATALOG_COMPILER_APPICON_NAME = AppIcon;
				CODE_SIGN_STYLE = Automatic;
				DEVELOPMENT_TEAM = MSB3W3PJMV;
				INFOPLIST_FILE = ColeccionDeJuegos/Info.plist;
				LD_RUNPATH_SEARCH_PATHS = "$(inherited) @executable_path/Frameworks";
				PRODUCT_BUNDLE_IDENTIFIER = com.tecsup.ColeccionDeJuegos;
				PRODUCT_NAME = "$(TARGET_NAME)";
				SWIFT_VERSION = 4.0;
				TARGETED_DEVICE_FAMILY = "1,2";
			};
			name = Debug;
		};
		EA164C8D209F854D00936EA7 /* Release */ = {
			isa = XCBuildConfiguration;
			buildSettings = {
				ASSETCATALOG_COMPILER_APPICON_NAME = AppIcon;
				CODE_SIGN_STYLE = Automatic;
				DEVELOPMENT_TEAM = MSB3W3PJMV;
				INFOPLIST_FILE = ColeccionDeJuegos/Info.plist;
				LD_RUNPATH_SEARCH_PATHS = "$(inherited) @executable_path/Frameworks";
				PRODUCT_BUNDLE_IDENTIFIER = com.tecsup.ColeccionDeJuegos;
				PRODUCT_NAME = "$(TARGET_NAME)";
				SWIFT_VERSION = 4.0;
				TARGETED_DEVICE_FAMILY = "1,2";
			};
			name = Release;
		};
/* End XCBuildConfiguration section */

/* Begin XCConfigurationList section */
		EA164C71209F854D00936EA7 /* Build configuration list for PBXProject "ColeccionDeJuegos" */ = {
			isa = XCConfigurationList;
			buildConfigurations = (
				EA164C89209F854D00936EA7 /* Debug */,
				EA164C8A209F854D00936EA7 /* Release */,
			);
			defaultConfigurationIsVisible = 0;
			defaultConfigurationName = Release;
		};
		EA164C8B209F854D00936EA7 /* Build configuration list for PBXNativeTarget "ColeccionDeJuegos" */ = {
			isa = XCConfigurationList;
			buildConfigurations = (
				EA164C8C209F854D00936EA7 /* Debug */,
				EA164C8D209F854D00936EA7 /* Release */,
			);
			defaultConfigurationIsVisible = 0;
			defaultConfigurationName = Release;
		};
/* End XCConfigurationList section */

/* Begin XCVersionGroup section */
		EA164C80209F854D00936EA7 /* ColeccionDeJuegos.xcdatamodeld */ = {
			isa = XCVersionGroup;
			children = (
				EA164C81209F854D00936EA7 /* ColeccionDeJuegos.xcdatamodel */,
			);
			currentVersion = EA164C81209F854D00936EA7 /* ColeccionDeJuegos.xcdatamodel */;
			path = ColeccionDeJuegos.xcdatamodeld;
			sourceTree = "<group>";
			versionGroupType = wrapper.xcdatamodel;
		};
/* End XCVersionGroup section */
	};
	rootObject = EA164C6E209F854D00936EA7 /* Project object */;
}
